
Microsoft Visual Studio Solution File, Format Version 12.00
# Visual Studio Version 17
VisualStudioVersion = 17.5.002.0
MinimumVisualStudioVersion = 10.0.40219.1
Project("{9A19103F-16F7-4668-BE54-9A1E7A4F7556}") = "NameThatBeaver", "NameThatBeaver.csproj", "{391D8B9F-23C2-475B-B518-A28E2FCD07A5}"
EndProject
Global
	GlobalSection(SolutionConfigurationPlatforms) = preSolution
		Debug|Any CPU = Debug|Any CPU
		Release|Any CPU = Release|Any CPU
	EndGlobalSection
	GlobalSection(ProjectConfigurationPlatforms) = postSolution
		{391D8B9F-23C2-475B-B518-A28E2FCD07A5}.Debug|Any CPU.ActiveCfg = Debug|Any CPU
		{391D8B9F-23C2-475B-B518-A28E2FCD07A5}.Debug|Any CPU.Build.0 = Debug|Any CPU
		{391D8B9F-23C2-475B-B518-A28E2FCD07A5}.Release|Any CPU.ActiveCfg = Release|Any CPU
		{391D8B9F-23C2-475B-B518-A28E2FCD07A5}.Release|Any CPU.Build.0 = Release|Any CPU
	EndGlobalSection
	GlobalSection(SolutionProperties) = preSolution
		HideSolutionNode = FALSE
	EndGlobalSection
	GlobalSection(ExtensibilityGlobals) = postSolution
		SolutionGuid = {BBE3FB90-626D-466A-849C-91E56D2C38E7}
	EndGlobalSection
EndGlobal
